
Microsoft Visual Studio Solution File, Format Version 12.00
# Visual Studio Version 17
VisualStudioVersion = 17.5.33516.290
MinimumVisualStudioVersion = 10.0.40219.1
Project("{8BC9CEB8-8B4A-11D0-8D11-00A0C91BC942}") = "Lab_12_4_Recur", "Lab_12_4_Recur\Lab_12_4_Recur.vcxproj", "{4C308200-4350-4370-BE7E-144B727A2DB7}"
EndProject
Project("{8BC9CEB8-8B4A-11D0-8D11-00A0C91BC942}") = "UnitTest_Lab_12_4_Recur", "UnitTest_Lab_12_4_Recur\UnitTest_Lab_12_4_Recur.vcxproj", "{B88BBC34-27A7-4F30-960C-857CE5CA1DBD}"
EndProject
Global
	GlobalSection(SolutionConfigurationPlatforms) = preSolution
		Debug|x64 = Debug|x64
		Debug|x86 = Debug|x86
		Release|x64 = Release|x64
		Release|x86 = Release|x86
	EndGlobalSection
	GlobalSection(ProjectConfigurationPlatforms) = postSolution
		{4C308200-4350-4370-BE7E-144B727A2DB7}.Debug|x64.ActiveCfg = Debug|x64
		{4C308200-4350-4370-BE7E-144B727A2DB7}.Debug|x64.Build.0 = Debug|x64
		{4C308200-4350-4370-BE7E-144B727A2DB7}.Debug|x86.ActiveCfg = Debug|Win32
		{4C308200-4350-4370-BE7E-144B727A2DB7}.Debug|x86.Build.0 = Debug|Win32
		{4C308200-4350-4370-BE7E-144B727A2DB7}.Release|x64.ActiveCfg = Release|x64
		{4C308200-4350-4370-BE7E-144B727A2DB7}.Release|x64.Build.0 = Release|x64
		{4C308200-4350-4370-BE7E-144B727A2DB7}.Release|x86.ActiveCfg = Release|Win32
		{4C308200-4350-4370-BE7E-144B727A2DB7}.Release|x86.Build.0 = Release|Win32
		{B88BBC34-27A7-4F30-960C-857CE5CA1DBD}.Debug|x64.ActiveCfg = Debug|x64
		{B88BBC34-27A7-4F30-960C-857CE5CA1DBD}.Debug|x64.Build.0 = Debug|x64
		{B88BBC34-27A7-4F30-960C-857CE5CA1DBD}.Debug|x86.ActiveCfg = Debug|Win32
		{B88BBC34-27A7-4F30-960C-857CE5CA1DBD}.Debug|x86.Build.0 = Debug|Win32
		{B88BBC34-27A7-4F30-960C-857CE5CA1DBD}.Release|x64.ActiveCfg = Release|x64
		{B88BBC34-27A7-4F30-960C-857CE5CA1DBD}.Release|x64.Build.0 = Release|x64
		{B88BBC34-27A7-4F30-960C-857CE5CA1DBD}.Release|x86.ActiveCfg = Release|Win32
		{B88BBC34-27A7-4F30-960C-857CE5CA1DBD}.Release|x86.Build.0 = Release|Win32
	EndGlobalSection
	GlobalSection(SolutionProperties) = preSolution
		HideSolutionNode = FALSE
	EndGlobalSection
	GlobalSection(ExtensibilityGlobals) = postSolution
		SolutionGuid = {A34BE852-AA42-4EF2-AFE6-1BA50E4BD9C4}
	EndGlobalSection
EndGlobal
